
Microsoft Visual Studio Solution File, Format Version 12.00
# Visual Studio Version 16
VisualStudioVersion = 16.0.28803.352
MinimumVisualStudioVersion = 10.0.40219.1
Project("{FAE04EC0-301F-11D3-BF4B-00C04F79EFBC}") = "Stationery", "Stationery\Stationery.csproj", "{EA9C92B3-0B26-4FAC-9AC0-624520A0924E}"
EndProject
Project("{FAE04EC0-301F-11D3-BF4B-00C04F79EFBC}") = "DataLayer", "DataLayer\DataLayer.csproj", "{171862E9-1C83-42C7-B47B-93591460991F}"
EndProject
Project("{FAE04EC0-301F-11D3-BF4B-00C04F79EFBC}") = "StationeryService", "StationeryService\StationeryService.csproj", "{976211D3-53BB-4031-8C86-3203C3BE3B5F}"
EndProject
Project("{FAE04EC0-301F-11D3-BF4B-00C04F79EFBC}") = "StationeryServiceTests", "StationeryServiceTest\StationeryServiceTests.csproj", "{60954A6C-BF80-4D1E-ACB8-9F4F02F385C9}"
EndProject
Project("{FAE04EC0-301F-11D3-BF4B-00C04F79EFBC}") = "StationeryWebApp", "StationeryWebApp\StationeryWebApp.csproj", "{A55ECF60-C062-4BBD-B3B2-6DED0D883D30}"
EndProject
Global
	GlobalSection(SolutionConfigurationPlatforms) = preSolution
		Debug|Any CPU = Debug|Any CPU
		Release|Any CPU = Release|Any CPU
	EndGlobalSection
	GlobalSection(ProjectConfigurationPlatforms) = postSolution
		{EA9C92B3-0B26-4FAC-9AC0-624520A0924E}.Debug|Any CPU.ActiveCfg = Debug|Any CPU
		{EA9C92B3-0B26-4FAC-9AC0-624520A0924E}.Debug|Any CPU.Build.0 = Debug|Any CPU
		{EA9C92B3-0B26-4FAC-9AC0-624520A0924E}.Release|Any CPU.ActiveCfg = Release|Any CPU
		{EA9C92B3-0B26-4FAC-9AC0-624520A0924E}.Release|Any CPU.Build.0 = Release|Any CPU
		{171862E9-1C83-42C7-B47B-93591460991F}.Debug|Any CPU.ActiveCfg = Debug|Any CPU
		{171862E9-1C83-42C7-B47B-93591460991F}.Debug|Any CPU.Build.0 = Debug|Any CPU
		{171862E9-1C83-42C7-B47B-93591460991F}.Release|Any CPU.ActiveCfg = Release|Any CPU
		{171862E9-1C83-42C7-B47B-93591460991F}.Release|Any CPU.Build.0 = Release|Any CPU
		{976211D3-53BB-4031-8C86-3203C3BE3B5F}.Debug|Any CPU.ActiveCfg = Debug|Any CPU
		{976211D3-53BB-4031-8C86-3203C3BE3B5F}.Debug|Any CPU.Build.0 = Debug|Any CPU
		{976211D3-53BB-4031-8C86-3203C3BE3B5F}.Release|Any CPU.ActiveCfg = Release|Any CPU
		{976211D3-53BB-4031-8C86-3203C3BE3B5F}.Release|Any CPU.Build.0 = Release|Any CPU
		{60954A6C-BF80-4D1E-ACB8-9F4F02F385C9}.Debug|Any CPU.ActiveCfg = Debug|Any CPU
		{60954A6C-BF80-4D1E-ACB8-9F4F02F385C9}.Debug|Any CPU.Build.0 = Debug|Any CPU
		{60954A6C-BF80-4D1E-ACB8-9F4F02F385C9}.Release|Any CPU.ActiveCfg = Release|Any CPU
		{60954A6C-BF80-4D1E-ACB8-9F4F02F385C9}.Release|Any CPU.Build.0 = Release|Any CPU
		{A55ECF60-C062-4BBD-B3B2-6DED0D883D30}.Debug|Any CPU.ActiveCfg = Debug|Any CPU
		{A55ECF60-C062-4BBD-B3B2-6DED0D883D30}.Debug|Any CPU.Build.0 = Debug|Any CPU
		{A55ECF60-C062-4BBD-B3B2-6DED0D883D30}.Release|Any CPU.ActiveCfg = Release|Any CPU
		{A55ECF60-C062-4BBD-B3B2-6DED0D883D30}.Release|Any CPU.Build.0 = Release|Any CPU
	EndGlobalSection
	GlobalSection(SolutionProperties) = preSolution
		HideSolutionNode = FALSE
	EndGlobalSection
	GlobalSection(ExtensibilityGlobals) = postSolution
		SolutionGuid = {75D617AC-472B-4307-B6A5-FD1D9B3DFB2F}
	EndGlobalSection
EndGlobal
